github.com/gtantech/go-container v0.0.0-20260816164226-6b9b5a62baf3 h1:Q9OhzTjr6WoyfmrMWwgQ86ncm7ydJQ/FPx0whi9N4Eg=
github.com/gtantech/go-container v0.0.0-20260816164226-6b9b5a62baf3/go.mod h1:6y3c65EkQG1pkhUurgYOAf5LIBIKbHEjh7b5+Rr0qEw=
github.com/gtantech/go-container v0.0.0-20260829150403-4ee5db564b43 h1:gptV1WxDTkBMbX8hJti7Sw1sj/YGKvfpWFxn2Mg00Dw=
github.com/gtantech/go-container v0.0.0-20260829150403-4ee5db564b43/go.mod h1:5SN5rDSie6NNJsX9LvdLbAonxRj9UIhkVGJQP4VX4Ks=
